<Solution>
  <Project Path="src/MateMCP.Agent/MateMCP.Agent.csproj" />
  <Project Path="src/MateMCP.Relay/MateMCP.Relay.csproj" />
  <Project Path="src/MateMCP.Api/MateMCP.Api.csproj" />
  <Project Path="tests/MateMCP.Agent.Tests/MateMCP.Agent.Tests.csproj" />
  <Project Path="tests/MateMCP.Relay.Tests/MateMCP.Relay.Tests.csproj" />
</Solution>
